// !$*UTF8*$!
{
	archiveVersion = 1;
	classes = {
	};
	objectVersion = 46;
	objects = {

/* Begin PBXBuildFile section */
		53D7C9201AA1B8A300345B5A /* main.m in Sources */ = {isa = PBXBuildFile; fileRef = 53D7C91F1AA1B8A300345B5A /* main.m */; };
		53D7C9231AA1B8A300345B5A /* AppDelegate.m in Sources */ = {isa = PBXBuildFile; fileRef = 53D7C9221AA1B8A300345B5A /* AppDelegate.m */; };
		53D7C9261AA1B8A300345B5A /* ViewController.m in Sources */ = {isa = PBXBuildFile; fileRef = 53D7C9251AA1B8A300345B5A /* ViewController.m */; };
		53D7C9291AA1B8A300345B5A /* Main.storyboard in Resources */ = {isa = PBXBuildFile; fileRef = 53D7C9271AA1B8A300345B5A /* Main.storyboard */; };
		53D7C92B1AA1B8A300345B5A /* Images.xcassets in Resources */ = {isa = PBXBuildFile; fileRef = 53D7C92A1AA1B8A300345B5A /* Images.xcassets */; };
		53D7C92E1AA1B8A300345B5A /* LaunchScreen.xib in Resources */ = {isa = PBXBuildFile; fileRef = 53D7C92C1AA1B8A300345B5A /* LaunchScreen.xib */; };
		53D7C93A1AA1B8A300345B5A /* KGiTunesSearchTests.m in Sources */ = {isa = PBXBuildFile; fileRef = 53D7C9391AA1B8A300345B5A /* KGiTunesSearchTests.m */; };
		53D7C9451AA1C0CD00345B5A /* KGiTunesSearch.m in Sources */ = {isa = PBXBuildFile; fileRef = 53D7C9441AA1C0CD00345B5A /* KGiTunesSearch.m */; };
		53D7C94F1AA1CB1B00345B5A /* KGiTunesSearchParam.m in Sources */ = {isa = PBXBuildFile; fileRef = 53D7C94E1AA1CB1B00345B5A /* KGiTunesSearchParam.m */; };
		53D7C9541AA1CE9900345B5A /* KGiTunesSearchItem.m in Sources */ = {isa = PBXBuildFile; fileRef = 53D7C9531AA1CE9900345B5A /* KGiTunesSearchItem.m */; };
		53D7C9581AA1EA0D00345B5A /* KGiTunesSearchRequestBuilder.m in Sources */ = {isa = PBXBuildFile; fileRef = 53D7C9571AA1EA0D00345B5A /* KGiTunesSearchRequestBuilder.m */; };
		53D7C95D1AA1EBED00345B5A /* KGiTunesSearchQueryParamBuilder.m in Sources */ = {isa = PBXBuildFile; fileRef = 53D7C95C1AA1EBED00345B5A /* KGiTunesSearchQueryParamBuilder.m */; };
		53D7C9611AA1EE1100345B5A /* KGiTunesSearchUrlBuilder.m in Sources */ = {isa = PBXBuildFile; fileRef = 53D7C9601AA1EE1000345B5A /* KGiTunesSearchUrlBuilder.m */; };
/* End PBXBuildFile section */

/* Begin PBXContainerItemProxy section */
		53D7C9341AA1B8A300345B5A /* PBXContainerItemProxy */ = {
			isa = PBXContainerItemProxy;
			containerPortal = 53D7C9121AA1B8A300345B5A /* Project object */;
			proxyType = 1;
			remoteGlobalIDString = 53D7C9191AA1B8A300345B5A;
			remoteInfo = KGiTunesSearch;
		};
/* End PBXContainerItemProxy section */

/* Begin PBXFileReference section */
		53D7C91A1AA1B8A300345B5A /* KGiTunesSearch.app */ = {isa = PBXFileReference; explicitFileType = wrapper.application; includeInIndex = 0; path = KGiTunesSearch.app; sourceTree = BUILT_PRODUCTS_DIR; };
		53D7C91E1AA1B8A300345B5A /* Info.plist */ = {isa = PBXFileReference; lastKnownFileType = text.plist.xml; path = Info.plist; sourceTree = "<group>"; };
		53D7C91F1AA1B8A300345B5A /* main.m */ = {isa = PBXFileReference; lastKnownFileType = sourcecode.c.objc; path = main.m; sourceTree = "<group>"; };
		53D7C9211AA1B8A300345B5A /* AppDelegate.h */ = {isa = PBXFileReference; lastKnownFileType = sourcecode.c.h; path = AppDelegate.h; sourceTree = "<group>"; };
		53D7C9221AA1B8A300345B5A /* AppDelegate.m */ = {isa = PBXFileReference; lastKnownFileType = sourcecode.c.objc; path = AppDelegate.m; sourceTree = "<group>"; };
		53D7C9241AA1B8A300345B5A /* ViewController.h */ = {isa = PBXFileReference; lastKnownFileType = sourcecode.c.h; path = ViewController.h; sourceTree = "<group>"; };
		53D7C9251AA1B8A300345B5A /* ViewController.m */ = {isa = PBXFileReference; lastKnownFileType = sourcecode.c.objc; path = ViewController.m; sourceTree = "<group>"; };
		53D7C9281AA1B8A300345B5A /* Base */ = {isa = PBXFileReference; lastKnownFileType = file.storyboard; name = Base; path = Base.lproj/Main.storyboard; sourceTree = "<group>"; };
		53D7C92A1AA1B8A300345B5A /* Images.xcassets */ = {isa = PBXFileReference; lastKnownFileType = folder.assetcatalog; path = Images.xcassets; sourceTree = "<group>"; };
		53D7C92D1AA1B8A300345B5A /* Base */ = {isa = PBXFileReference; lastKnownFileType = file.xib; name = Base; path = Base.lproj/LaunchScreen.xib; sourceTree = "<group>"; };
		53D7C9331AA1B8A300345B5A /* KGiTunesSearchTests.xctest */ = {isa = PBXFileReference; explicitFileType = wrapper.cfbundle; includeInIndex = 0; path = KGiTunesSearchTests.xctest; sourceTree = BUILT_PRODUCTS_DIR; };
		53D7C9381AA1B8A300345B5A /* Info.plist */ = {isa = PBXFileReference; lastKnownFileType = text.plist.xml; path = Info.plist; sourceTree = "<group>"; };
		53D7C9391AA1B8A300345B5A /* KGiTunesSearchTests.m */ = {isa = PBXFileReference; lastKnownFileType = sourcecode.c.objc; path = KGiTunesSearchTests.m; sourceTree = "<group>"; };
		53D7C9431AA1C0CD00345B5A /* KGiTunesSearch.h */ = {isa = PBXFileReference; fileEncoding = 4; lastKnownFileType = sourcecode.c.h; name = KGiTunesSearch.h; path = Classes/KGiTunesSearch.h; sourceTree = "<group>"; };
		53D7C9441AA1C0CD00345B5A /* KGiTunesSearch.m */ = {isa = PBXFileReference; fileEncoding = 4; lastKnownFileType = sourcecode.c.objc; name = KGiTunesSearch.m; path = Classes/KGiTunesSearch.m; sourceTree = "<group>"; };
		53D7C94D1AA1CB1B00345B5A /* KGiTunesSearchParam.h */ = {isa = PBXFileReference; fileEncoding = 4; lastKnownFileType = sourcecode.c.h; name = KGiTunesSearchParam.h; path = Classes/KGiTunesSearchParam.h; sourceTree = "<group>"; };
		53D7C94E1AA1CB1B00345B5A /* KGiTunesSearchParam.m */ = {isa = PBXFileReference; fileEncoding = 4; lastKnownFileType = sourcecode.c.objc; name = KGiTunesSearchParam.m; path = Classes/KGiTunesSearchParam.m; sourceTree = "<group>"; };
		53D7C9521AA1CE9900345B5A /* KGiTunesSearchItem.h */ = {isa = PBXFileReference; fileEncoding = 4; lastKnownFileType = sourcecode.c.h; name = KGiTunesSearchItem.h; path = Classes/KGiTunesSearchItem.h; sourceTree = "<group>"; };
		53D7C9531AA1CE9900345B5A /* KGiTunesSearchItem.m */ = {isa = PBXFileReference; fileEncoding = 4; lastKnownFileType = sourcecode.c.objc; name = KGiTunesSearchItem.m; path = Classes/KGiTunesSearchItem.m; sourceTree = "<group>"; };
		53D7C9561AA1EA0D00345B5A /* KGiTunesSearchRequestBuilder.h */ = {isa = PBXFileReference; fileEncoding = 4; lastKnownFileType = sourcecode.c.h; name = KGiTunesSearchRequestBuilder.h; path = Classes/KGiTunesSearchRequestBuilder.h; sourceTree = "<group>"; };
		53D7C9571AA1EA0D00345B5A /* KGiTunesSearchRequestBuilder.m */ = {isa = PBXFileReference; fileEncoding = 4; lastKnownFileType = sourcecode.c.objc; name = KGiTunesSearchRequestBuilder.m; path = Classes/KGiTunesSearchRequestBuilder.m; sourceTree = "<group>"; };
		53D7C95B1AA1EBED00345B5A /* KGiTunesSearchQueryParamBuilder.h */ = {isa = PBXFileReference; fileEncoding = 4; lastKnownFileType = sourcecode.c.h; name = KGiTunesSearchQueryParamBuilder.h; path = Classes/KGiTunesSearchQueryParamBuilder.h; sourceTree = "<group>"; };
		53D7C95C1AA1EBED00345B5A /* KGiTunesSearchQueryParamBuilder.m */ = {isa = PBXFileReference; fileEncoding = 4; lastKnownFileType = sourcecode.c.objc; name = KGiTunesSearchQueryParamBuilder.m; path = Classes/KGiTunesSearchQueryParamBuilder.m; sourceTree = "<group>"; };
		53D7C95F1AA1EE1000345B5A /* KGiTunesSearchUrlBuilder.h */ = {isa = PBXFileReference; fileEncoding = 4; lastKnownFileType = sourcecode.c.h; name = KGiTunesSearchUrlBuilder.h; path = Classes/KGiTunesSearchUrlBuilder.h; sourceTree = "<group>"; };
		53D7C9601AA1EE1000345B5A /* KGiTunesSearchUrlBuilder.m */ = {isa = PBXFileReference; fileEncoding = 4; lastKnownFileType = sourcecode.c.objc; name = KGiTunesSearchUrlBuilder.m; path = Classes/KGiTunesSearchUrlBuilder.m; sourceTree = "<group>"; };
/* End PBXFileReference section */

/* Begin PBXFrameworksBuildPhase section */
		53D7C9171AA1B8A300345B5A /* Frameworks */ = {
			isa = PBXFrameworksBuildPhase;
			buildActionMask = 2147483647;
			files = (
			);
			runOnlyForDeploymentPostprocessing = 0;
		};
		53D7C9301AA1B8A300345B5A /* Frameworks */ = {
			isa = PBXFrameworksBuildPhase;
			buildActionMask = 2147483647;
			files = (
			);
			runOnlyForDeploymentPostprocessing = 0;
		};
/* End PBXFrameworksBuildPhase section */

/* Begin PBXGroup section */
		53D7C9111AA1B8A300345B5A = {
			isa = PBXGroup;
			children = (
				53D7C91C1AA1B8A300345B5A /* KGiTunesSearch */,
				53D7C9361AA1B8A300345B5A /* KGiTunesSearchTests */,
				53D7C91B1AA1B8A300345B5A /* Products */,
			);
			sourceTree = "<group>";
		};
		53D7C91B1AA1B8A300345B5A /* Products */ = {
			isa = PBXGroup;
			children = (
				53D7C91A1AA1B8A300345B5A /* KGiTunesSearch.app */,
				53D7C9331AA1B8A300345B5A /* KGiTunesSearchTests.xctest */,
			);
			name = Products;
			sourceTree = "<group>";
		};
		53D7C91C1AA1B8A300345B5A /* KGiTunesSearch */ = {
			isa = PBXGroup;
			children = (
				53D7C9621AA2EF7D00345B5A /* Demo */,
				53D7C9551AA1E9E500345B5A /* RequestBuilder */,
				53D7C9501AA1CE7F00345B5A /* Item */,
				53D7C94B1AA1CAF600345B5A /* Params */,
				53D7C92A1AA1B8A300345B5A /* Images.xcassets */,
				53D7C92C1AA1B8A300345B5A /* LaunchScreen.xib */,
				53D7C91D1AA1B8A300345B5A /* Supporting Files */,
				53D7C9431AA1C0CD00345B5A /* KGiTunesSearch.h */,
				53D7C9441AA1C0CD00345B5A /* KGiTunesSearch.m */,
			);
			path = KGiTunesSearch;
			sourceTree = "<group>";
		};
		53D7C91D1AA1B8A300345B5A /* Supporting Files */ = {
			isa = PBXGroup;
			children = (
				53D7C91E1AA1B8A300345B5A /* Info.plist */,
				53D7C91F1AA1B8A300345B5A /* main.m */,
			);
			name = "Supporting Files";
			sourceTree = "<group>";
		};
		53D7C9361AA1B8A300345B5A /* KGiTunesSearchTests */ = {
			isa = PBXGroup;
			children = (
				53D7C9391AA1B8A300345B5A /* KGiTunesSearchTests.m */,
				53D7C9371AA1B8A300345B5A /* Supporting Files */,
			);
			path = KGiTunesSearchTests;
			sourceTree = "<group>";
		};
		53D7C9371AA1B8A300345B5A /* Supporting Files */ = {
			isa = PBXGroup;
			children = (
				53D7C9381AA1B8A300345B5A /* Info.plist */,
			);
			name = "Supporting Files";
			sourceTree = "<group>";
		};
		53D7C94B1AA1CAF600345B5A /* Params */ = {
			isa = PBXGroup;
			children = (
				53D7C94C1AA1CAFE00345B5A /* Entity */,
			);
			name = Params;
			sourceTree = "<group>";
		};
		53D7C94C1AA1CAFE00345B5A /* Entity */ = {
			isa = PBXGroup;
			children = (
				53D7C94D1AA1CB1B00345B5A /* KGiTunesSearchParam.h */,
				53D7C94E1AA1CB1B00345B5A /* KGiTunesSearchParam.m */,
			);
			name = Entity;
			sourceTree = "<group>";
		};
		53D7C9501AA1CE7F00345B5A /* Item */ = {
			isa = PBXGroup;
			children = (
				53D7C9511AA1CE8400345B5A /* Entity */,
			);
			name = Item;
			sourceTree = "<group>";
		};
		53D7C9511AA1CE8400345B5A /* Entity */ = {
			isa = PBXGroup;
			children = (
				53D7C9521AA1CE9900345B5A /* KGiTunesSearchItem.h */,
				53D7C9531AA1CE9900345B5A /* KGiTunesSearchItem.m */,
			);
			name = Entity;
			sourceTree = "<group>";
		};
		53D7C9551AA1E9E500345B5A /* RequestBuilder */ = {
			isa = PBXGroup;
			children = (
				53D7C9591AA1EBC900345B5A /* UrlBuilder */,
				53D7C9561AA1EA0D00345B5A /* KGiTunesSearchRequestBuilder.h */,
				53D7C9571AA1EA0D00345B5A /* KGiTunesSearchRequestBuilder.m */,
			);
			name = RequestBuilder;
			sourceTree = "<group>";
		};
		53D7C9591AA1EBC900345B5A /* UrlBuilder */ = {
			isa = PBXGroup;
			children = (
				53D7C95A1AA1EBD100345B5A /* QueryParamBuilder */,
				53D7C95F1AA1EE1000345B5A /* KGiTunesSearchUrlBuilder.h */,
				53D7C9601AA1EE1000345B5A /* KGiTunesSearchUrlBuilder.m */,
			);
			name = UrlBuilder;
			sourceTree = "<group>";
		};
		53D7C95A1AA1EBD100345B5A /* QueryParamBuilder */ = {
			isa = PBXGroup;
			children = (
				53D7C95B1AA1EBED00345B5A /* KGiTunesSearchQueryParamBuilder.h */,
				53D7C95C1AA1EBED00345B5A /* KGiTunesSearchQueryParamBuilder.m */,
			);
			name = QueryParamBuilder;
			sourceTree = "<group>";
		};
		53D7C9621AA2EF7D00345B5A /* Demo */ = {
			isa = PBXGroup;
			children = (
				53D7C9211AA1B8A300345B5A /* AppDelegate.h */,
				53D7C9221AA1B8A300345B5A /* AppDelegate.m */,
				53D7C9241AA1B8A300345B5A /* ViewController.h */,
				53D7C9251AA1B8A300345B5A /* ViewController.m */,
				53D7C9271AA1B8A300345B5A /* Main.storyboard */,
			);
			name = Demo;
			sourceTree = "<group>";
		};
/* End PBXGroup section */

/* Begin PBXNativeTarget section */
		53D7C9191AA1B8A300345B5A /* KGiTunesSearch */ = {
			isa = PBXNativeTarget;
			buildConfigurationList = 53D7C93D1AA1B8A300345B5A /* Build configuration list for PBXNativeTarget "KGiTunesSearch" */;
			buildPhases = (
				53D7C9161AA1B8A300345B5A /* Sources */,
				53D7C9171AA1B8A300345B5A /* Frameworks */,
				53D7C9181AA1B8A300345B5A /* Resources */,
			);
			buildRules = (
			);
			dependencies = (
			);
			name = KGiTunesSearch;
			productName = KGiTunesSearch;
			productReference = 53D7C91A1AA1B8A300345B5A /* KGiTunesSearch.app */;
			productType = "com.apple.product-type.application";
		};
		53D7C9321AA1B8A300345B5A /* KGiTunesSearchTests */ = {
			isa = PBXNativeTarget;
			buildConfigurationList = 53D7C9401AA1B8A300345B5A /* Build configuration list for PBXNativeTarget "KGiTunesSearchTests" */;
			buildPhases = (
				53D7C92F1AA1B8A300345B5A /* Sources */,
				53D7C9301AA1B8A300345B5A /* Frameworks */,
				53D7C9311AA1B8A300345B5A /* Resources */,
			);
			buildRules = (
			);
			dependencies = (
				53D7C9351AA1B8A300345B5A /* PBXTargetDependency */,
			);
			name = KGiTunesSearchTests;
			productName = KGiTunesSearchTests;
			productReference = 53D7C9331AA1B8A300345B5A /* KGiTunesSearchTests.xctest */;
			productType = "com.apple.product-type.bundle.unit-test";
		};
/* End PBXNativeTarget section */

/* Begin PBXProject section */
		53D7C9121AA1B8A300345B5A /* Project object */ = {
			isa = PBXProject;
			attributes = {
				LastUpgradeCheck = 0610;
				ORGANIZATIONNAME = KiyotakaGoto;
				TargetAttributes = {
					53D7C9191AA1B8A300345B5A = {
						CreatedOnToolsVersion = 6.1.1;
					};
					53D7C9321AA1B8A300345B5A = {
						CreatedOnToolsVersion = 6.1.1;
						TestTargetID = 53D7C9191AA1B8A300345B5A;
					};
				};
			};
			buildConfigurationList = 53D7C9151AA1B8A300345B5A /* Build configuration list for PBXProject "KGiTunesSearch" */;
			compatibilityVersion = "Xcode 3.2";
			developmentRegion = English;
			hasScannedForEncodings = 0;
			knownRegions = (
				en,
				Base,
			);
			mainGroup = 53D7C9111AA1B8A300345B5A;
			productRefGroup = 53D7C91B1AA1B8A300345B5A /* Products */;
			projectDirPath = "";
			projectRoot = "";
			targets = (
				53D7C9191AA1B8A300345B5A /* KGiTunesSearch */,
				53D7C9321AA1B8A300345B5A /* KGiTunesSearchTests */,
			);
		};
/* End PBXProject section */

/* Begin PBXResourcesBuildPhase section */
		53D7C9181AA1B8A300345B5A /* Resources */ = {
			isa = PBXResourcesBuildPhase;
			buildActionMask = 2147483647;
			files = (
				53D7C9291AA1B8A300345B5A /* Main.storyboard in Resources */,
				53D7C92E1AA1B8A300345B5A /* LaunchScreen.xib in Resources */,
				53D7C92B1AA1B8A300345B5A /* Images.xcassets in Resources */,
			);
			runOnlyForDeploymentPostprocessing = 0;
		};
		53D7C9311AA1B8A300345B5A /* Resources */ = {
			isa = PBXResourcesBuildPhase;
			buildActionMask = 2147483647;
			files = (
			);
			runOnlyForDeploymentPostprocessing = 0;
		};
/* End PBXResourcesBuildPhase section */

/* Begin PBXSourcesBuildPhase section */
		53D7C9161AA1B8A300345B5A /* Sources */ = {
			isa = PBXSourcesBuildPhase;
			buildActionMask = 2147483647;
			files = (
				53D7C9261AA1B8A300345B5A /* ViewController.m in Sources */,
				53D7C9231AA1B8A300345B5A /* AppDelegate.m in Sources */,
				53D7C94F1AA1CB1B00345B5A /* KGiTunesSearchParam.m in Sources */,
				53D7C9201AA1B8A300345B5A /* main.m in Sources */,
				53D7C9541AA1CE9900345B5A /* KGiTunesSearchItem.m in Sources */,
				53D7C9581AA1EA0D00345B5A /* KGiTunesSearchRequestBuilder.m in Sources */,
				53D7C95D1AA1EBED00345B5A /* KGiTunesSearchQueryParamBuilder.m in Sources */,
				53D7C9451AA1C0CD00345B5A /* KGiTunesSearch.m in Sources */,
				53D7C9611AA1EE1100345B5A /* KGiTunesSearchUrlBuilder.m in Sources */,
			);
			runOnlyForDeploymentPostprocessing = 0;
		};
		53D7C92F1AA1B8A300345B5A /* Sources */ = {
			isa = PBXSourcesBuildPhase;
			buildActionMask = 2147483647;
			files = (
				53D7C93A1AA1B8A300345B5A /* KGiTunesSearchTests.m in Sources */,
			);
			runOnlyForDeploymentPostprocessing = 0;
		};
/* End PBXSourcesBuildPhase section */

/* Begin PBXTargetDependency section */
		53D7C9351AA1B8A300345B5A /* PBXTargetDependency */ = {
			isa = PBXTargetDependency;
			target = 53D7C9191AA1B8A300345B5A /* KGiTunesSearch */;
			targetProxy = 53D7C9341AA1B8A300345B5A /* PBXContainerItemProxy */;
		};
/* End PBXTargetDependency section */

/* Begin PBXVariantGroup section */
		53D7C9271AA1B8A300345B5A /* Main.storyboard */ = {
			isa = PBXVariantGroup;
			children = (
				53D7C9281AA1B8A300345B5A /* Base */,
			);
			name = Main.storyboard;
			sourceTree = "<group>";
		};
		53D7C92C1AA1B8A300345B5A /* LaunchScreen.xib */ = {
			isa = PBXVariantGroup;
			children = (
				53D7C92D1AA1B8A300345B5A /* Base */,
			);
			name = LaunchScreen.xib;
			sourceTree = "<group>";
		};
/* End PBXVariantGroup section */

/* Begin XCBuildConfiguration section */
		53D7C93B1AA1B8A300345B5A /* Debug */ = {
			isa = XCBuildConfiguration;
			buildSettings = {
				ALWAYS_SEARCH_USER_PATHS = NO;
				CLANG_CXX_LANGUAGE_STANDARD = "gnu++0x";
				CLANG_CXX_LIBRARY = "libc++";
				CLANG_ENABLE_MODULES = YES;
				CLANG_ENABLE_OBJC_ARC = YES;
				CLANG_WARN_BOOL_CONVERSION = YES;
				CLANG_WARN_CONSTANT_CONVERSION = YES;
				CLANG_WARN_DIRECT_OBJC_ISA_USAGE = YES_ERROR;
				CLANG_WARN_EMPTY_BODY = YES;
				CLANG_WARN_ENUM_CONVERSION = YES;
				CLANG_WARN_INT_CONVERSION = YES;
				CLANG_WARN_OBJC_ROOT_CLASS = YES_ERROR;
				CLANG_WARN_UNREACHABLE_CODE = YES;
				CLANG_WARN__DUPLICATE_METHOD_MATCH = YES;
				"CODE_SIGN_IDENTITY[sdk=iphoneos*]" = "iPhone Developer";
				COPY_PHASE_STRIP = NO;
				ENABLE_STRICT_OBJC_MSGSEND = YES;
				GCC_C_LANGUAGE_STANDARD = gnu99;
				GCC_DYNAMIC_NO_PIC = NO;
				GCC_OPTIMIZATION_LEVEL = 0;
				GCC_PREPROCESSOR_DEFINITIONS = (
					"DEBUG=1",
					"$(inherited)",
				);
				GCC_SYMBOLS_PRIVATE_EXTERN = NO;
				GCC_WARN_64_TO_32_BIT_CONVERSION = YES;
				GCC_WARN_ABOUT_RETURN_TYPE = YES_ERROR;
				GCC_WARN_UNDECLARED_SELECTOR = YES;
				GCC_WARN_UNINITIALIZED_AUTOS = YES_AGGRESSIVE;
				GCC_WARN_UNUSED_FUNCTION = YES;
				GCC_WARN_UNUSED_VARIABLE = YES;
				IPHONEOS_DEPLOYMENT_TARGET = 8.1;
				MTL_ENABLE_DEBUG_INFO = YES;
				ONLY_ACTIVE_ARCH = YES;
				SDKROOT = iphoneos;
			};
			name = Debug;
		};
		53D7C93C1AA1B8A300345B5A /* Release */ = {
			isa = XCBuildConfiguration;
			buildSettings = {
				ALWAYS_SEARCH_USER_PATHS = NO;
				CLANG_CXX_LANGUAGE_STANDARD = "gnu++0x";
				CLANG_CXX_LIBRARY = "libc++";
				CLANG_ENABLE_MODULES = YES;
				CLANG_ENABLE_OBJC_ARC = YES;
				CLANG_WARN_BOOL_CONVERSION = YES;
				CLANG_WARN_CONSTANT_CONVERSION = YES;
				CLANG_WARN_DIRECT_OBJC_ISA_USAGE = YES_ERROR;
				CLANG_WARN_EMPTY_BODY = YES;
				CLANG_WARN_ENUM_CONVERSION = YES;
				CLANG_WARN_INT_CONVERSION = YES;
				CLANG_WARN_OBJC_ROOT_CLASS = YES_ERROR;
				CLANG_WARN_UNREACHABLE_CODE = YES;
				CLANG_WARN__DUPLICATE_METHOD_MATCH = YES;
				"CODE_SIGN_IDENTITY[sdk=iphoneos*]" = "iPhone Developer";
				COPY_PHASE_STRIP = YES;
				ENABLE_NS_ASSERTIONS = NO;
				ENABLE_STRICT_OBJC_MSGSEND = YES;
				GCC_C_LANGUAGE_STANDARD = gnu99;
				GCC_WARN_64_TO_32_BIT_CONVERSION = YES;
				GCC_WARN_ABOUT_RETURN_TYPE = YES_ERROR;
				GCC_WARN_UNDECLARED_SELECTOR = YES;
				GCC_WARN_UNINITIALIZED_AUTOS = YES_AGGRESSIVE;
				GCC_WARN_UNUSED_FUNCTION = YES;
				GCC_WARN_UNUSED_VARIABLE = YES;
				IPHONEOS_DEPLOYMENT_TARGET = 8.1;
				MTL_ENABLE_DEBUG_INFO = NO;
				SDKROOT = iphoneos;
				VALIDATE_PRODUCT = YES;
			};
			name = Release;
		};
		53D7C93E1AA1B8A300345B5A /* Debug */ = {
			isa = XCBuildConfiguration;
			buildSettings = {
				ASSETCATALOG_COMPILER_APPICON_NAME = AppIcon;
				INFOPLIST_FILE = KGiTunesSearch/Info.plist;
				LD_RUNPATH_SEARCH_PATHS = "$(inherited) @executable_path/Frameworks";
				PRODUCT_NAME = "$(TARGET_NAME)";
			};
			name = Debug;
		};
		53D7C93F1AA1B8A300345B5A /* Release */ = {
			isa = XCBuildConfiguration;
			buildSettings = {
				ASSETCATALOG_COMPILER_APPICON_NAME = AppIcon;
				INFOPLIST_FILE = KGiTunesSearch/Info.plist;
				LD_RUNPATH_SEARCH_PATHS = "$(inherited) @executable_path/Frameworks";
				PRODUCT_NAME = "$(TARGET_NAME)";
			};
			name = Release;
		};
		53D7C9411AA1B8A300345B5A /* Debug */ = {
			isa = XCBuildConfiguration;
			buildSettings = {
				BUNDLE_LOADER = "$(TEST_HOST)";
				FRAMEWORK_SEARCH_PATHS = (
					"$(SDKROOT)/Developer/Library/Frameworks",
					"$(inherited)",
				);
				GCC_PREPROCESSOR_DEFINITIONS = (
					"DEBUG=1",
					"$(inherited)",
				);
				INFOPLIST_FILE = KGiTunesSearchTests/Info.plist;
				LD_RUNPATH_SEARCH_PATHS = "$(inherited) @executable_path/Frameworks @loader_path/Frameworks";
				PRODUCT_NAME = "$(TARGET_NAME)";
				TEST_HOST = "$(BUILT_PRODUCTS_DIR)/KGiTunesSearch.app/KGiTunesSearch";
			};
			name = Debug;
		};
		53D7C9421AA1B8A300345B5A /* Release */ = {
			isa = XCBuildConfiguration;
			buildSettings = {
				BUNDLE_LOADER = "$(TEST_HOST)";
				FRAMEWORK_SEARCH_PATHS = (
					"$(SDKROOT)/Developer/Library/Frameworks",
					"$(inherited)",
				);
				INFOPLIST_FILE = KGiTunesSearchTests/Info.plist;
				LD_RUNPATH_SEARCH_PATHS = "$(inherited) @executable_path/Frameworks @loader_path/Frameworks";
				PRODUCT_NAME = "$(TARGET_NAME)";
				TEST_HOST = "$(BUILT_PRODUCTS_DIR)/KGiTunesSearch.app/KGiTunesSearch";
			};
			name = Release;
		};
/* End XCBuildConfiguration section */

/* Begin XCConfigurationList section */
		53D7C9151AA1B8A300345B5A /* Build configuration list for PBXProject "KGiTunesSearch" */ = {
			isa = XCConfigurationList;
			buildConfigurations = (
				53D7C93B1AA1B8A300345B5A /* Debug */,
				53D7C93C1AA1B8A300345B5A /* Release */,
			);
			defaultConfigurationIsVisible = 0;
			defaultConfigurationName = Release;
		};
		53D7C93D1AA1B8A300345B5A /* Build configuration list for PBXNativeTarget "KGiTunesSearch" */ = {
			isa = XCConfigurationList;
			buildConfigurations = (
				53D7C93E1AA1B8A300345B5A /* Debug */,
				53D7C93F1AA1B8A300345B5A /* Release */,
			);
			defaultConfigurationIsVisible = 0;
		};
		53D7C9401AA1B8A300345B5A /* Build configuration list for PBXNativeTarget "KGiTunesSearchTests" */ = {
			isa = XCConfigurationList;
			buildConfigurations = (
				53D7C9411AA1B8A300345B5A /* Debug */,
				53D7C9421AA1B8A300345B5A /* Release */,
			);
			defaultConfigurationIsVisible = 0;
		};
/* End XCConfigurationList section */
	};
	rootObject = 53D7C9121AA1B8A300345B5A /* Project object */;
}
